// !$*UTF8*$!
{
	archiveVersion = 1;
	classes = {
	};
	objectVersion = 56;
	objects = {

/* Begin PBXBuildFile section */
		762428E829DAAD5600C11B54 /* AppDelegate.swift in Sources */ = {isa = PBXBuildFile; fileRef = 762428E729DAAD5600C11B54 /* AppDelegate.swift */; };
		762428EA29DAAD5600C11B54 /* SceneDelegate.swift in Sources */ = {isa = PBXBuildFile; fileRef = 762428E929DAAD5600C11B54 /* SceneDelegate.swift */; };
		762428F229DAAD5600C11B54 /* WB_Weather.xcdatamodeld in Sources */ = {isa = PBXBuildFile; fileRef = 762428F029DAAD5600C11B54 /* WB_Weather.xcdatamodeld */; };
		762428F429DAAD5800C11B54 /* Assets.xcassets in Resources */ = {isa = PBXBuildFile; fileRef = 762428F329DAAD5800C11B54 /* Assets.xcassets */; };
		762428F729DAAD5800C11B54 /* LaunchScreen.storyboard in Resources */ = {isa = PBXBuildFile; fileRef = 762428F529DAAD5800C11B54 /* LaunchScreen.storyboard */; };
		765CB48229E56131006BA8FD /* NetworkService.swift in Sources */ = {isa = PBXBuildFile; fileRef = 765CB48129E56131006BA8FD /* NetworkService.swift */; };
		765CB48429E56463006BA8FD /* NetworkError.swift in Sources */ = {isa = PBXBuildFile; fileRef = 765CB48329E56463006BA8FD /* NetworkError.swift */; };
		765CB48629E927E5006BA8FD /* WeatherData.swift in Sources */ = {isa = PBXBuildFile; fileRef = 765CB48529E927E5006BA8FD /* WeatherData.swift */; };
		76966AC729DD77AB00AEEF22 /* CityHeadView.swift in Sources */ = {isa = PBXBuildFile; fileRef = 76966AC629DD77AB00AEEF22 /* CityHeadView.swift */; };
		76966AC929DD77C700AEEF22 /* DetailsHeadView.swift in Sources */ = {isa = PBXBuildFile; fileRef = 76966AC829DD77C700AEEF22 /* DetailsHeadView.swift */; };
		76966ACB29DD77E700AEEF22 /* DailyForecastHeadView.swift in Sources */ = {isa = PBXBuildFile; fileRef = 76966ACA29DD77E700AEEF22 /* DailyForecastHeadView.swift */; };
		76966ACD29DD785000AEEF22 /* CityDayTimeView.swift in Sources */ = {isa = PBXBuildFile; fileRef = 76966ACC29DD785000AEEF22 /* CityDayTimeView.swift */; };
		76966ACF29DD787D00AEEF22 /* DailyForecastView.swift in Sources */ = {isa = PBXBuildFile; fileRef = 76966ACE29DD787D00AEEF22 /* DailyForecastView.swift */; };
		76966AD329DEAF5100AEEF22 /* SettingsViewController.swift in Sources */ = {isa = PBXBuildFile; fileRef = 76966AD229DEAF5100AEEF22 /* SettingsViewController.swift */; };
		76966AE529DED34E00AEEF22 /* DayVisualView.swift in Sources */ = {isa = PBXBuildFile; fileRef = 76966ADE29DED34E00AEEF22 /* DayVisualView.swift */; };
		76966AE629DED34E00AEEF22 /* TimeForecastTableViewCell.swift in Sources */ = {isa = PBXBuildFile; fileRef = 76966ADF29DED34E00AEEF22 /* TimeForecastTableViewCell.swift */; };
		76966AE729DED34E00AEEF22 /* DayViewController.swift in Sources */ = {isa = PBXBuildFile; fileRef = 76966AE029DED34E00AEEF22 /* DayViewController.swift */; };
		76966AF329DED36100AEEF22 /* DiaryViewController.swift in Sources */ = {isa = PBXBuildFile; fileRef = 76966AEC29DED36100AEEF22 /* DiaryViewController.swift */; };
		76966AF729DED7E100AEEF22 /* DateTableViewCell.swift in Sources */ = {isa = PBXBuildFile; fileRef = 76966AF629DED7E100AEEF22 /* DateTableViewCell.swift */; };
		76966AFB29DEE4F000AEEF22 /* RundownTableViewCell.swift in Sources */ = {isa = PBXBuildFile; fileRef = 76966AFA29DEE4F000AEEF22 /* RundownTableViewCell.swift */; };
		76966AFE29DEF55C00AEEF22 /* ShortDayInfoCollectionViewCell.swift in Sources */ = {isa = PBXBuildFile; fileRef = 76966AFD29DEF55C00AEEF22 /* ShortDayInfoCollectionViewCell.swift */; };
		76966B0429E02A8800AEEF22 /* AutorizationViewController.swift in Sources */ = {isa = PBXBuildFile; fileRef = 76966B0329E02A8800AEEF22 /* AutorizationViewController.swift */; };
		76966B0729E0444B00AEEF22 /* LocationsData.swift in Sources */ = {isa = PBXBuildFile; fileRef = 76966B0629E0444B00AEEF22 /* LocationsData.swift */; };
		76966B0C29E3FF0200AEEF22 /* CoreDataLocationService.swift in Sources */ = {isa = PBXBuildFile; fileRef = 76966B0B29E3FF0200AEEF22 /* CoreDataLocationService.swift */; };
		769D0BCA2A014993008B7D14 /* DayGraphView.swift in Sources */ = {isa = PBXBuildFile; fileRef = 769D0BC92A014993008B7D14 /* DayGraphView.swift */; };
		769D0BCC2A021F94008B7D14 /* XLineDayVisualView.swift in Sources */ = {isa = PBXBuildFile; fileRef = 769D0BCB2A021F94008B7D14 /* XLineDayVisualView.swift */; };
		76AEA9C929F8FBAB001B3B40 /* CoreDataWeatherService.swift in Sources */ = {isa = PBXBuildFile; fileRef = 76AEA9C829F8FBAB001B3B40 /* CoreDataWeatherService.swift */; };
		76B09F5929FFC40800791839 /* DailyForecastCollectionViewCell.swift in Sources */ = {isa = PBXBuildFile; fileRef = 76B09F5829FFC40800791839 /* DailyForecastCollectionViewCell.swift */; };
		76BEAB5529F29C4B00D21D14 /* EmptyViewController.swift in Sources */ = {isa = PBXBuildFile; fileRef = 76BEAB5429F29C4B00D21D14 /* EmptyViewController.swift */; };
		76C13A8E2A0246FC0075E604 /* XLinePointAndLine.swift in Sources */ = {isa = PBXBuildFile; fileRef = 76C13A8D2A0246FC0075E604 /* XLinePointAndLine.swift */; };
		76C13A942A03C57A0075E604 /* DateCollectionViewCell.swift in Sources */ = {isa = PBXBuildFile; fileRef = 76C13A932A03C57A0075E604 /* DateCollectionViewCell.swift */; };
		76C13A962A03CEA90075E604 /* CommonFunctions.swift in Sources */ = {isa = PBXBuildFile; fileRef = 76C13A952A03CEA90075E604 /* CommonFunctions.swift */; };
		76C1C65E2A167B29000A8EFC /* Localizable.strings in Resources */ = {isa = PBXBuildFile; fileRef = 76C1C6602A167B29000A8EFC /* Localizable.strings */; };
		76C1C6642A173EE4000A8EFC /* InfoPlist.strings in Resources */ = {isa = PBXBuildFile; fileRef = 76C1C6662A173EE4000A8EFC /* InfoPlist.strings */; };
		76C1C66F2A18C3F4000A8EFC /* StringExtention.swift in Sources */ = {isa = PBXBuildFile; fileRef = 76C1C66E2A18C3F4000A8EFC /* StringExtention.swift */; };
		76C1C6712A18D211000A8EFC /* BackgroundView.swift in Sources */ = {isa = PBXBuildFile; fileRef = 76C1C6702A18D211000A8EFC /* BackgroundView.swift */; };
		76C1C6732A1A39D2000A8EFC /* Palette.swift in Sources */ = {isa = PBXBuildFile; fileRef = 76C1C6722A1A39D1000A8EFC /* Palette.swift */; };
		76C38B2A29ED67CD00C55452 /* WeatherViewController.swift in Sources */ = {isa = PBXBuildFile; fileRef = 76C38B2929ED67CD00C55452 /* WeatherViewController.swift */; };
		76C38B2C29ED780F00C55452 /* LocationWeatherViewController.swift in Sources */ = {isa = PBXBuildFile; fileRef = 76C38B2B29ED780F00C55452 /* LocationWeatherViewController.swift */; };
		76C5B95E2A07C42F0049F2E2 /* SettingsView.swift in Sources */ = {isa = PBXBuildFile; fileRef = 76C5B95D2A07C42F0049F2E2 /* SettingsView.swift */; };
		76C5B9602A0908340049F2E2 /* SwitcherButton.swift in Sources */ = {isa = PBXBuildFile; fileRef = 76C5B95F2A0908340049F2E2 /* SwitcherButton.swift */; };
		76C5B9622A0A52710049F2E2 /* ListOfLocationsViewController.swift in Sources */ = {isa = PBXBuildFile; fileRef = 76C5B9612A0A52710049F2E2 /* ListOfLocationsViewController.swift */; };
		76C5B9652A0A55450049F2E2 /* LocationTableViewCell.swift in Sources */ = {isa = PBXBuildFile; fileRef = 76C5B9642A0A55450049F2E2 /* LocationTableViewCell.swift */; };
		76C5B9672A0BA5090049F2E2 /* PointInGrathView.swift in Sources */ = {isa = PBXBuildFile; fileRef = 76C5B9662A0BA5090049F2E2 /* PointInGrathView.swift */; };
		76C5B9692A0CC9C90049F2E2 /* ValueConverter.swift in Sources */ = {isa = PBXBuildFile; fileRef = 76C5B9682A0CC9C90049F2E2 /* ValueConverter.swift */; };
		76C5B9CD2A14E2DE0049F2E2 /* MapViewController.swift in Sources */ = {isa = PBXBuildFile; fileRef = 76C5B9CC2A14E2DE0049F2E2 /* MapViewController.swift */; };
		76C5B9D12A1502A10049F2E2 /* Alerts.swift in Sources */ = {isa = PBXBuildFile; fileRef = 76C5B9D02A1502A00049F2E2 /* Alerts.swift */; };
		76CB42ED2A0502430098C053 /* Forecast.swift in Sources */ = {isa = PBXBuildFile; fileRef = 76CB42EC2A0502430098C053 /* Forecast.swift */; };
/* End PBXBuildFile section */

/* Begin PBXFileReference section */
		762428E429DAAD5600C11B54 /* WB_Weather.app */ = {isa = PBXFileReference; explicitFileType = wrapper.application; includeInIndex = 0; path = WB_Weather.app; sourceTree = BUILT_PRODUCTS_DIR; };
		762428E729DAAD5600C11B54 /* AppDelegate.swift */ = {isa = PBXFileReference; lastKnownFileType = sourcecode.swift; path = AppDelegate.swift; sourceTree = "<group>"; };
		762428E929DAAD5600C11B54 /* SceneDelegate.swift */ = {isa = PBXFileReference; lastKnownFileType = sourcecode.swift; path = SceneDelegate.swift; sourceTree = "<group>"; };
		762428F129DAAD5600C11B54 /* WB_Weather.xcdatamodel */ = {isa = PBXFileReference; lastKnownFileType = wrapper.xcdatamodel; path = WB_Weather.xcdatamodel; sourceTree = "<group>"; };
		762428F329DAAD5800C11B54 /* Assets.xcassets */ = {isa = PBXFileReference; lastKnownFileType = folder.assetcatalog; path = Assets.xcassets; sourceTree = "<group>"; };
		762428F629DAAD5800C11B54 /* Base */ = {isa = PBXFileReference; lastKnownFileType = file.storyboard; name = Base; path = Base.lproj/LaunchScreen.storyboard; sourceTree = "<group>"; };
		762428F829DAAD5800C11B54 /* Info.plist */ = {isa = PBXFileReference; lastKnownFileType = text.plist.xml; path = Info.plist; sourceTree = "<group>"; };
		765CB48129E56131006BA8FD /* NetworkService.swift */ = {isa = PBXFileReference; lastKnownFileType = sourcecode.swift; path = NetworkService.swift; sourceTree = "<group>"; };
		765CB48329E56463006BA8FD /* NetworkError.swift */ = {isa = PBXFileReference; lastKnownFileType = sourcecode.swift; path = NetworkError.swift; sourceTree = "<group>"; };
		765CB48529E927E5006BA8FD /* WeatherData.swift */ = {isa = PBXFileReference; lastKnownFileType = sourcecode.swift; path = WeatherData.swift; sourceTree = "<group>"; };
		76966AC629DD77AB00AEEF22 /* CityHeadView.swift */ = {isa = PBXFileReference; lastKnownFileType = sourcecode.swift; path = CityHeadView.swift; sourceTree = "<group>"; };
		76966AC829DD77C700AEEF22 /* DetailsHeadView.swift */ = {isa = PBXFileReference; lastKnownFileType = sourcecode.swift; path = DetailsHeadView.swift; sourceTree = "<group>"; };
		76966ACA29DD77E700AEEF22 /* DailyForecastHeadView.swift */ = {isa = PBXFileReference; lastKnownFileType = sourcecode.swift; path = DailyForecastHeadView.swift; sourceTree = "<group>"; };
		76966ACC29DD785000AEEF22 /* CityDayTimeView.swift */ = {isa = PBXFileReference; lastKnownFileType = sourcecode.swift; path = CityDayTimeView.swift; sourceTree = "<group>"; };
		76966ACE29DD787D00AEEF22 /* DailyForecastView.swift */ = {isa = PBXFileReference; lastKnownFileType = sourcecode.swift; path = DailyForecastView.swift; sourceTree = "<group>"; };
		76966AD229DEAF5100AEEF22 /* SettingsViewController.swift */ = {isa = PBXFileReference; lastKnownFileType = sourcecode.swift; path = SettingsViewController.swift; sourceTree = "<group>"; };
		76966ADE29DED34E00AEEF22 /* DayVisualView.swift */ = {isa = PBXFileReference; fileEncoding = 4; lastKnownFileType = sourcecode.swift; path = DayVisualView.swift; sourceTree = "<group>"; };
		76966ADF29DED34E00AEEF22 /* TimeForecastTableViewCell.swift */ = {isa = PBXFileReference; fileEncoding = 4; lastKnownFileType = sourcecode.swift; path = TimeForecastTableViewCell.swift; sourceTree = "<group>"; };
		76966AE029DED34E00AEEF22 /* DayViewController.swift */ = {isa = PBXFileReference; fileEncoding = 4; lastKnownFileType = sourcecode.swift; path = DayViewController.swift; sourceTree = "<group>"; };
		76966AEC29DED36100AEEF22 /* DiaryViewController.swift */ = {isa = PBXFileReference; fileEncoding = 4; lastKnownFileType = sourcecode.swift; path = DiaryViewController.swift; sourceTree = "<group>"; };
		76966AF629DED7E100AEEF22 /* DateTableViewCell.swift */ = {isa = PBXFileReference; lastKnownFileType = sourcecode.swift; path = DateTableViewCell.swift; sourceTree = "<group>"; };
		76966AFA29DEE4F000AEEF22 /* RundownTableViewCell.swift */ = {isa = PBXFileReference; lastKnownFileType = sourcecode.swift; path = RundownTableViewCell.swift; sourceTree = "<group>"; };
		76966AFD29DEF55C00AEEF22 /* ShortDayInfoCollectionViewCell.swift */ = {isa = PBXFileReference; lastKnownFileType = sourcecode.swift; path = ShortDayInfoCollectionViewCell.swift; sourceTree = "<group>"; };
		76966B0329E02A8800AEEF22 /* AutorizationViewController.swift */ = {isa = PBXFileReference; lastKnownFileType = sourcecode.swift; path = AutorizationViewController.swift; sourceTree = "<group>"; };
		76966B0629E0444B00AEEF22 /* LocationsData.swift */ = {isa = PBXFileReference; lastKnownFileType = sourcecode.swift; path = LocationsData.swift; sourceTree = "<group>"; };
		76966B0B29E3FF0200AEEF22 /* CoreDataLocationService.swift */ = {isa = PBXFileReference; lastKnownFileType = sourcecode.swift; path = CoreDataLocationService.swift; sourceTree = "<group>"; };
		769D0BC92A014993008B7D14 /* DayGraphView.swift */ = {isa = PBXFileReference; lastKnownFileType = sourcecode.swift; path = DayGraphView.swift; sourceTree = "<group>"; };
		769D0BCB2A021F94008B7D14 /* XLineDayVisualView.swift */ = {isa = PBXFileReference; lastKnownFileType = sourcecode.swift; path = XLineDayVisualView.swift; sourceTree = "<group>"; };
		76AEA9C829F8FBAB001B3B40 /* CoreDataWeatherService.swift */ = {isa = PBXFileReference; lastKnownFileType = sourcecode.swift; path = CoreDataWeatherService.swift; sourceTree = "<group>"; };
		76B09F5829FFC40800791839 /* DailyForecastCollectionViewCell.swift */ = {isa = PBXFileReference; lastKnownFileType = sourcecode.swift; path = DailyForecastCollectionViewCell.swift; sourceTree = "<group>"; };
		76BEAB5429F29C4B00D21D14 /* EmptyViewController.swift */ = {isa = PBXFileReference; lastKnownFileType = sourcecode.swift; path = EmptyViewController.swift; sourceTree = "<group>"; };
		76C13A8D2A0246FC0075E604 /* XLinePointAndLine.swift */ = {isa = PBXFileReference; lastKnownFileType = sourcecode.swift; path = XLinePointAndLine.swift; sourceTree = "<group>"; };
		76C13A932A03C57A0075E604 /* DateCollectionViewCell.swift */ = {isa = PBXFileReference; lastKnownFileType = sourcecode.swift; path = DateCollectionViewCell.swift; sourceTree = "<group>"; };
		76C13A952A03CEA90075E604 /* CommonFunctions.swift */ = {isa = PBXFileReference; lastKnownFileType = sourcecode.swift; path = CommonFunctions.swift; sourceTree = "<group>"; };
		76C1C65B2A167AEE000A8EFC /* ru */ = {isa = PBXFileReference; lastKnownFileType = text.plist.strings; name = ru; path = ru.lproj/LaunchScreen.strings; sourceTree = "<group>"; };
		76C1C65F2A167B29000A8EFC /* en */ = {isa = PBXFileReference; lastKnownFileType = text.plist.strings; name = en; path = en.lproj/Localizable.strings; sourceTree = "<group>"; };
		76C1C6612A167B2F000A8EFC /* ru */ = {isa = PBXFileReference; lastKnownFileType = text.plist.strings; name = ru; path = ru.lproj/Localizable.strings; sourceTree = "<group>"; };
		76C1C6652A173EE4000A8EFC /* en */ = {isa = PBXFileReference; lastKnownFileType = text.plist.strings; name = en; path = en.lproj/InfoPlist.strings; sourceTree = "<group>"; };
		76C1C6672A173EEE000A8EFC /* ru */ = {isa = PBXFileReference; lastKnownFileType = text.plist.strings; name = ru; path = ru.lproj/InfoPlist.strings; sourceTree = "<group>"; };
		76C1C66E2A18C3F4000A8EFC /* StringExtention.swift */ = {isa = PBXFileReference; lastKnownFileType = sourcecode.swift; path = StringExtention.swift; sourceTree = "<group>"; };
		76C1C6702A18D211000A8EFC /* BackgroundView.swift */ = {isa = PBXFileReference; lastKnownFileType = sourcecode.swift; path = BackgroundView.swift; sourceTree = "<group>"; };
		76C1C6722A1A39D1000A8EFC /* Palette.swift */ = {isa = PBXFileReference; lastKnownFileType = sourcecode.swift; path = Palette.swift; sourceTree = "<group>"; };
		76C38B2929ED67CD00C55452 /* WeatherViewController.swift */ = {isa = PBXFileReference; lastKnownFileType = sourcecode.swift; path = WeatherViewController.swift; sourceTree = "<group>"; };
		76C38B2B29ED780F00C55452 /* LocationWeatherViewController.swift */ = {isa = PBXFileReference; lastKnownFileType = sourcecode.swift; path = LocationWeatherViewController.swift; sourceTree = "<group>"; };
		76C5B95D2A07C42F0049F2E2 /* SettingsView.swift */ = {isa = PBXFileReference; lastKnownFileType = sourcecode.swift; path = SettingsView.swift; sourceTree = "<group>"; };
		76C5B95F2A0908340049F2E2 /* SwitcherButton.swift */ = {isa = PBXFileReference; lastKnownFileType = sourcecode.swift; path = SwitcherButton.swift; sourceTree = "<group>"; };
		76C5B9612A0A52710049F2E2 /* ListOfLocationsViewController.swift */ = {isa = PBXFileReference; lastKnownFileType = sourcecode.swift; path = ListOfLocationsViewController.swift; sourceTree = "<group>"; };
		76C5B9642A0A55450049F2E2 /* LocationTableViewCell.swift */ = {isa = PBXFileReference; lastKnownFileType = sourcecode.swift; path = LocationTableViewCell.swift; sourceTree = "<group>"; };
		76C5B9662A0BA5090049F2E2 /* PointInGrathView.swift */ = {isa = PBXFileReference; lastKnownFileType = sourcecode.swift; path = PointInGrathView.swift; sourceTree = "<group>"; };
		76C5B9682A0CC9C90049F2E2 /* ValueConverter.swift */ = {isa = PBXFileReference; lastKnownFileType = sourcecode.swift; path = ValueConverter.swift; sourceTree = "<group>"; };
		76C5B9CC2A14E2DE0049F2E2 /* MapViewController.swift */ = {isa = PBXFileReference; lastKnownFileType = sourcecode.swift; path = MapViewController.swift; sourceTree = "<group>"; };
		76C5B9D02A1502A00049F2E2 /* Alerts.swift */ = {isa = PBXFileReference; lastKnownFileType = sourcecode.swift; path = Alerts.swift; sourceTree = "<group>"; };
		76CB42EC2A0502430098C053 /* Forecast.swift */ = {isa = PBXFileReference; lastKnownFileType = sourcecode.swift; path = Forecast.swift; sourceTree = "<group>"; };
/* End PBXFileReference section */

/* Begin PBXFrameworksBuildPhase section */
		762428E129DAAD5500C11B54 /* Frameworks */ = {
			isa = PBXFrameworksBuildPhase;
			buildActionMask = 2147483647;
			files = (
			);
			runOnlyForDeploymentPostprocessing = 0;
		};
/* End PBXFrameworksBuildPhase section */

/* Begin PBXGroup section */
		762428DB29DAAD5500C11B54 = {
			isa = PBXGroup;
			children = (
				76C1C6662A173EE4000A8EFC /* InfoPlist.strings */,
				76C1C6602A167B29000A8EFC /* Localizable.strings */,
				762428E629DAAD5600C11B54 /* WB_Weather */,
				762428E529DAAD5600C11B54 /* Products */,
			);
			sourceTree = "<group>";
		};
		762428E529DAAD5600C11B54 /* Products */ = {
			isa = PBXGroup;
			children = (
				762428E429DAAD5600C11B54 /* WB_Weather.app */,
			);
			name = Products;
			sourceTree = "<group>";
		};
		762428E629DAAD5600C11B54 /* WB_Weather */ = {
			isa = PBXGroup;
			children = (
				76C1C6702A18D211000A8EFC /* BackgroundView.swift */,
				76C1C6722A1A39D1000A8EFC /* Palette.swift */,
				76C1C66E2A18C3F4000A8EFC /* StringExtention.swift */,
				76C5B9D02A1502A00049F2E2 /* Alerts.swift */,
				76C5B9682A0CC9C90049F2E2 /* ValueConverter.swift */,
				76C13A952A03CEA90075E604 /* CommonFunctions.swift */,
				76966B0A29E3FEDF00AEEF22 /* CoreDataService */,
				76AEA9F529FA8A77001B3B40 /* Network */,
				76966B0229E02A5500AEEF22 /* Authorization */,
				76966B0529E043EF00AEEF22 /* Locations */,
				76966AFF29DEF6B200AEEF22 /* WeatherData */,
				76966AB429DD4C5B00AEEF22 /* Settings line */,
				762428E729DAAD5600C11B54 /* AppDelegate.swift */,
				762428E929DAAD5600C11B54 /* SceneDelegate.swift */,
				762428F329DAAD5800C11B54 /* Assets.xcassets */,
				762428F529DAAD5800C11B54 /* LaunchScreen.storyboard */,
				762428F829DAAD5800C11B54 /* Info.plist */,
				762428F029DAAD5600C11B54 /* WB_Weather.xcdatamodeld */,
			);
			path = WB_Weather;
			sourceTree = "<group>";
		};
		76966AB429DD4C5B00AEEF22 /* Settings line */ = {
			isa = PBXGroup;
			children = (
				76966AD229DEAF5100AEEF22 /* SettingsViewController.swift */,
				76C5B95D2A07C42F0049F2E2 /* SettingsView.swift */,
				76C5B95F2A0908340049F2E2 /* SwitcherButton.swift */,
			);
			path = "Settings line";
			sourceTree = "<group>";
		};
		76966AB529DD536B00AEEF22 /* City line */ = {
			isa = PBXGroup;
			children = (
				76966AC629DD77AB00AEEF22 /* CityHeadView.swift */,
				76966AFC29DEF30E00AEEF22 /* ShortDayInfo */,
				76B09F5729FFC2FD00791839 /* DailyForecast */,
				76C38B2929ED67CD00C55452 /* WeatherViewController.swift */,
				76C38B2B29ED780F00C55452 /* LocationWeatherViewController.swift */,
				76BEAB5429F29C4B00D21D14 /* EmptyViewController.swift */,
			);
			path = "City line";
			sourceTree = "<group>";
		};
		76966AB629DD539400AEEF22 /* Diary line */ = {
			isa = PBXGroup;
			children = (
				76C13A912A03C3AF0075E604 /* DateTableViewCell */,
				76C13A922A03C4230075E604 /* SummaryViewCell */,
				76966AEC29DED36100AEEF22 /* DiaryViewController.swift */,
			);
			path = "Diary line";
			sourceTree = "<group>";
		};
		76966AB729DD53BE00AEEF22 /* 24 hours line */ = {
			isa = PBXGroup;
			children = (
				76C5B95C2A0663720049F2E2 /* TimeForecast */,
				769D0BCD2A021FBA008B7D14 /* DayVisualForecast */,
				76966AE029DED34E00AEEF22 /* DayViewController.swift */,
			);
			path = "24 hours line";
			sourceTree = "<group>";
		};
		76966AFC29DEF30E00AEEF22 /* ShortDayInfo */ = {
			isa = PBXGroup;
			children = (
				76966AC829DD77C700AEEF22 /* DetailsHeadView.swift */,
				76966ACC29DD785000AEEF22 /* CityDayTimeView.swift */,
				76966AFD29DEF55C00AEEF22 /* ShortDayInfoCollectionViewCell.swift */,
			);
			path = ShortDayInfo;
			sourceTree = "<group>";
		};
		76966AFF29DEF6B200AEEF22 /* WeatherData */ = {
			isa = PBXGroup;
			children = (
				76CB42EC2A0502430098C053 /* Forecast.swift */,
			);
			path = WeatherData;
			sourceTree = "<group>";
		};
		76966B0229E02A5500AEEF22 /* Authorization */ = {
			isa = PBXGroup;
			children = (
				76966B0329E02A8800AEEF22 /* AutorizationViewController.swift */,
			);
			path = Authorization;
			sourceTree = "<group>";
		};
		76966B0529E043EF00AEEF22 /* Locations */ = {
			isa = PBXGroup;
			children = (
				76C5B9632A0A551E0049F2E2 /* List of locations */,
				76966AB529DD536B00AEEF22 /* City line */,
				76966AB729DD53BE00AEEF22 /* 24 hours line */,
				76966AB629DD539400AEEF22 /* Diary line */,
			);
			path = Locations;
			sourceTree = "<group>";
		};
		76966B0A29E3FEDF00AEEF22 /* CoreDataService */ = {
			isa = PBXGroup;
			children = (
				76966B0B29E3FF0200AEEF22 /* CoreDataLocationService.swift */,
				76AEA9C829F8FBAB001B3B40 /* CoreDataWeatherService.swift */,
			);
			path = CoreDataService;
			sourceTree = "<group>";
		};
		769D0BCD2A021FBA008B7D14 /* DayVisualForecast */ = {
			isa = PBXGroup;
			children = (
				76966ADE29DED34E00AEEF22 /* DayVisualView.swift */,
				769D0BC92A014993008B7D14 /* DayGraphView.swift */,
				769D0BCB2A021F94008B7D14 /* XLineDayVisualView.swift */,
				76C13A8D2A0246FC0075E604 /* XLinePointAndLine.swift */,
				76C5B9662A0BA5090049F2E2 /* PointInGrathView.swift */,
			);
			path = DayVisualForecast;
			sourceTree = "<group>";
		};
		76AEA9F529FA8A77001B3B40 /* Network */ = {
			isa = PBXGroup;
			children = (
				76966B0629E0444B00AEEF22 /* LocationsData.swift */,
				765CB48529E927E5006BA8FD /* WeatherData.swift */,
				765CB48129E56131006BA8FD /* NetworkService.swift */,
				765CB48329E56463006BA8FD /* NetworkError.swift */,
			);
			path = Network;
			sourceTree = "<group>";
		};
		76B09F5729FFC2FD00791839 /* DailyForecast */ = {
			isa = PBXGroup;
			children = (
				76966ACA29DD77E700AEEF22 /* DailyForecastHeadView.swift */,
				76966ACE29DD787D00AEEF22 /* DailyForecastView.swift */,
				76B09F5829FFC40800791839 /* DailyForecastCollectionViewCell.swift */,
			);
			path = DailyForecast;
			sourceTree = "<group>";
		};
		76C13A912A03C3AF0075E604 /* DateTableViewCell */ = {
			isa = PBXGroup;
			children = (
				76966AF629DED7E100AEEF22 /* DateTableViewCell.swift */,
				76C13A932A03C57A0075E604 /* DateCollectionViewCell.swift */,
			);
			path = DateTableViewCell;
			sourceTree = "<group>";
		};
		76C13A922A03C4230075E604 /* SummaryViewCell */ = {
			isa = PBXGroup;
			children = (
				76966AFA29DEE4F000AEEF22 /* RundownTableViewCell.swift */,
			);
			path = SummaryViewCell;
			sourceTree = "<group>";
		};
		76C5B95C2A0663720049F2E2 /* TimeForecast */ = {
			isa = PBXGroup;
			children = (
				76966ADF29DED34E00AEEF22 /* TimeForecastTableViewCell.swift */,
			);
			path = TimeForecast;
			sourceTree = "<group>";
		};
		76C5B9632A0A551E0049F2E2 /* List of locations */ = {
			isa = PBXGroup;
			children = (
				76C5B9612A0A52710049F2E2 /* ListOfLocationsViewController.swift */,
				76C5B9642A0A55450049F2E2 /* LocationTableViewCell.swift */,
				76C5B9CC2A14E2DE0049F2E2 /* MapViewController.swift */,
			);
			path = "List of locations";
			sourceTree = "<group>";
		};
/* End PBXGroup section */

/* Begin PBXNativeTarget section */
		762428E329DAAD5500C11B54 /* WB_Weather */ = {
			isa = PBXNativeTarget;
			buildConfigurationList = 762428FB29DAAD5800C11B54 /* Build configuration list for PBXNativeTarget "WB_Weather" */;
			buildPhases = (
				762428E029DAAD5500C11B54 /* Sources */,
				762428E129DAAD5500C11B54 /* Frameworks */,
				762428E229DAAD5500C11B54 /* Resources */,
			);
			buildRules = (
			);
			dependencies = (
			);
			name = WB_Weather;
			productName = WB_Weather;
			productReference = 762428E429DAAD5600C11B54 /* WB_Weather.app */;
			productType = "com.apple.product-type.application";
		};
/* End PBXNativeTarget section */

/* Begin PBXProject section */
		762428DC29DAAD5500C11B54 /* Project object */ = {
			isa = PBXProject;
			attributes = {
				BuildIndependentTargetsInParallel = 1;
				LastSwiftUpdateCheck = 1430;
				LastUpgradeCheck = 1430;
				TargetAttributes = {
					762428E329DAAD5500C11B54 = {
						CreatedOnToolsVersion = 14.3;
					};
				};
			};
			buildConfigurationList = 762428DF29DAAD5500C11B54 /* Build configuration list for PBXProject "WB_Weather" */;
			compatibilityVersion = "Xcode 14.0";
			developmentRegion = en;
			hasScannedForEncodings = 0;
			knownRegions = (
				en,
				Base,
				ru,
			);
			mainGroup = 762428DB29DAAD5500C11B54;
			productRefGroup = 762428E529DAAD5600C11B54 /* Products */;
			projectDirPath = "";
			projectRoot = "";
			targets = (
				762428E329DAAD5500C11B54 /* WB_Weather */,
			);
		};
/* End PBXProject section */

/* Begin PBXResourcesBuildPhase section */
		762428E229DAAD5500C11B54 /* Resources */ = {
			isa = PBXResourcesBuildPhase;
			buildActionMask = 2147483647;
			files = (
				762428F729DAAD5800C11B54 /* LaunchScreen.storyboard in Resources */,
				76C1C6642A173EE4000A8EFC /* InfoPlist.strings in Resources */,
				76C1C65E2A167B29000A8EFC /* Localizable.strings in Resources */,
				762428F429DAAD5800C11B54 /* Assets.xcassets in Resources */,
			);
			runOnlyForDeploymentPostprocessing = 0;
		};
/* End PBXResourcesBuildPhase section */

/* Begin PBXSourcesBuildPhase section */
		762428E029DAAD5500C11B54 /* Sources */ = {
			isa = PBXSourcesBuildPhase;
			buildActionMask = 2147483647;
			files = (
				76B09F5929FFC40800791839 /* DailyForecastCollectionViewCell.swift in Sources */,
				76966B0429E02A8800AEEF22 /* AutorizationViewController.swift in Sources */,
				76CB42ED2A0502430098C053 /* Forecast.swift in Sources */,
				76966ACF29DD787D00AEEF22 /* DailyForecastView.swift in Sources */,
				76966AFB29DEE4F000AEEF22 /* RundownTableViewCell.swift in Sources */,
				76966B0C29E3FF0200AEEF22 /* CoreDataLocationService.swift in Sources */,
				76966AFE29DEF55C00AEEF22 /* ShortDayInfoCollectionViewCell.swift in Sources */,
				76C5B95E2A07C42F0049F2E2 /* SettingsView.swift in Sources */,
				76C38B2C29ED780F00C55452 /* LocationWeatherViewController.swift in Sources */,
				762428E829DAAD5600C11B54 /* AppDelegate.swift in Sources */,
				76966AE529DED34E00AEEF22 /* DayVisualView.swift in Sources */,
				76BEAB5529F29C4B00D21D14 /* EmptyViewController.swift in Sources */,
				76C5B9D12A1502A10049F2E2 /* Alerts.swift in Sources */,
				76966AD329DEAF5100AEEF22 /* SettingsViewController.swift in Sources */,
				765CB48229E56131006BA8FD /* NetworkService.swift in Sources */,
				762428EA29DAAD5600C11B54 /* SceneDelegate.swift in Sources */,
				76C5B9602A0908340049F2E2 /* SwitcherButton.swift in Sources */,
				769D0BCC2A021F94008B7D14 /* XLineDayVisualView.swift in Sources */,
				76966ACD29DD785000AEEF22 /* CityDayTimeView.swift in Sources */,
				76966AF329DED36100AEEF22 /* DiaryViewController.swift in Sources */,
				762428F229DAAD5600C11B54 /* WB_Weather.xcdatamodeld in Sources */,
				76966AF729DED7E100AEEF22 /* DateTableViewCell.swift in Sources */,
				76966AE629DED34E00AEEF22 /* TimeForecastTableViewCell.swift in Sources */,
				76C1C6732A1A39D2000A8EFC /* Palette.swift in Sources */,
				76C38B2A29ED67CD00C55452 /* WeatherViewController.swift in Sources */,
				76C5B9CD2A14E2DE0049F2E2 /* MapViewController.swift in Sources */,
				76AEA9C929F8FBAB001B3B40 /* CoreDataWeatherService.swift in Sources */,
				765CB48629E927E5006BA8FD /* WeatherData.swift in Sources */,
				769D0BCA2A014993008B7D14 /* DayGraphView.swift in Sources */,
				76966B0729E0444B00AEEF22 /* LocationsData.swift in Sources */,
				76966ACB29DD77E700AEEF22 /* DailyForecastHeadView.swift in Sources */,
				76966AC729DD77AB00AEEF22 /* CityHeadView.swift in Sources */,
				76966AC929DD77C700AEEF22 /* DetailsHeadView.swift in Sources */,
				76C5B9672A0BA5090049F2E2 /* PointInGrathView.swift in Sources */,
				76C1C6712A18D211000A8EFC /* BackgroundView.swift in Sources */,
				76966AE729DED34E00AEEF22 /* DayViewController.swift in Sources */,
				76C13A8E2A0246FC0075E604 /* XLinePointAndLine.swift in Sources */,
				76C5B9692A0CC9C90049F2E2 /* ValueConverter.swift in Sources */,
				765CB48429E56463006BA8FD /* NetworkError.swift in Sources */,
				76C1C66F2A18C3F4000A8EFC /* StringExtention.swift in Sources */,
				76C5B9652A0A55450049F2E2 /* LocationTableViewCell.swift in Sources */,
				76C5B9622A0A52710049F2E2 /* ListOfLocationsViewController.swift in Sources */,
				76C13A962A03CEA90075E604 /* CommonFunctions.swift in Sources */,
				76C13A942A03C57A0075E604 /* DateCollectionViewCell.swift in Sources */,
			);
			runOnlyForDeploymentPostprocessing = 0;
		};
/* End PBXSourcesBuildPhase section */

/* Begin PBXVariantGroup section */
		762428F529DAAD5800C11B54 /* LaunchScreen.storyboard */ = {
			isa = PBXVariantGroup;
			children = (
				762428F629DAAD5800C11B54 /* Base */,
				76C1C65B2A167AEE000A8EFC /* ru */,
			);
			name = LaunchScreen.storyboard;
			sourceTree = "<group>";
		};
		76C1C6602A167B29000A8EFC /* Localizable.strings */ = {
			isa = PBXVariantGroup;
			children = (
				76C1C65F2A167B29000A8EFC /* en */,
				76C1C6612A167B2F000A8EFC /* ru */,
			);
			name = Localizable.strings;
			sourceTree = "<group>";
		};
		76C1C6662A173EE4000A8EFC /* InfoPlist.strings */ = {
			isa = PBXVariantGroup;
			children = (
				76C1C6652A173EE4000A8EFC /* en */,
				76C1C6672A173EEE000A8EFC /* ru */,
			);
			name = InfoPlist.strings;
			sourceTree = "<group>";
		};
/* End PBXVariantGroup section */

/* Begin XCBuildConfiguration section */
		762428F929DAAD5800C11B54 /* Debug */ = {
			isa = XCBuildConfiguration;
			buildSettings = {
				ALWAYS_SEARCH_USER_PATHS = NO;
				CLANG_ANALYZER_LOCALIZABILITY_NONLOCALIZED = YES;
				CLANG_ANALYZER_NONNULL = YES;
				CLANG_ANALYZER_NUMBER_OBJECT_CONVERSION = YES_AGGRESSIVE;
				CLANG_CXX_LANGUAGE_STANDARD = "gnu++20";
				CLANG_ENABLE_MODULES = YES;
				CLANG_ENABLE_OBJC_ARC = YES;
				CLANG_ENABLE_OBJC_WEAK = YES;
				CLANG_WARN_BLOCK_CAPTURE_AUTORELEASING = YES;
				CLANG_WARN_BOOL_CONVERSION = YES;
				CLANG_WARN_COMMA = YES;
				CLANG_WARN_CONSTANT_CONVERSION = YES;
				CLANG_WARN_DEPRECATED_OBJC_IMPLEMENTATIONS = YES;
				CLANG_WARN_DIRECT_OBJC_ISA_USAGE = YES_ERROR;
				CLANG_WARN_DOCUMENTATION_COMMENTS = YES;
				CLANG_WARN_EMPTY_BODY = YES;
				CLANG_WARN_ENUM_CONVERSION = YES;
				CLANG_WARN_INFINITE_RECURSION = YES;
				CLANG_WARN_INT_CONVERSION = YES;
				CLANG_WARN_NON_LITERAL_NULL_CONVERSION = YES;
				CLANG_WARN_OBJC_IMPLICIT_RETAIN_SELF = YES;
				CLANG_WARN_OBJC_LITERAL_CONVERSION = YES;
				CLANG_WARN_OBJC_ROOT_CLASS = YES_ERROR;
				CLANG_WARN_QUOTED_INCLUDE_IN_FRAMEWORK_HEADER = YES;
				CLANG_WARN_RANGE_LOOP_ANALYSIS = YES;
				CLANG_WARN_STRICT_PROTOTYPES = YES;
				CLANG_WARN_SUSPICIOUS_MOVE = YES;
				CLANG_WARN_UNGUARDED_AVAILABILITY = YES_AGGRESSIVE;
				CLANG_WARN_UNREACHABLE_CODE = YES;
				CLANG_WARN__DUPLICATE_METHOD_MATCH = YES;
				COPY_PHASE_STRIP = NO;
				DEBUG_INFORMATION_FORMAT = dwarf;
				ENABLE_STRICT_OBJC_MSGSEND = YES;
				ENABLE_TESTABILITY = YES;
				GCC_C_LANGUAGE_STANDARD = gnu11;
				GCC_DYNAMIC_NO_PIC = NO;
				GCC_NO_COMMON_BLOCKS = YES;
				GCC_OPTIMIZATION_LEVEL = 0;
				GCC_PREPROCESSOR_DEFINITIONS = (
					"DEBUG=1",
					"$(inherited)",
				);
				GCC_WARN_64_TO_32_BIT_CONVERSION = YES;
				GCC_WARN_ABOUT_RETURN_TYPE = YES_ERROR;
				GCC_WARN_UNDECLARED_SELECTOR = YES;
				GCC_WARN_UNINITIALIZED_AUTOS = YES_AGGRESSIVE;
				GCC_WARN_UNUSED_FUNCTION = YES;
				GCC_WARN_UNUSED_VARIABLE = YES;
				IPHONEOS_DEPLOYMENT_TARGET = 15.5;
				MTL_ENABLE_DEBUG_INFO = INCLUDE_SOURCE;
				MTL_FAST_MATH = YES;
				ONLY_ACTIVE_ARCH = YES;
				SDKROOT = iphoneos;
				SWIFT_ACTIVE_COMPILATION_CONDITIONS = DEBUG;
				SWIFT_OPTIMIZATION_LEVEL = "-Onone";
			};
			name = Debug;
		};
		762428FA29DAAD5800C11B54 /* Release */ = {
			isa = XCBuildConfiguration;
			buildSettings = {
				ALWAYS_SEARCH_USER_PATHS = NO;
				CLANG_ANALYZER_LOCALIZABILITY_NONLOCALIZED = YES;
				CLANG_ANALYZER_NONNULL = YES;
				CLANG_ANALYZER_NUMBER_OBJECT_CONVERSION = YES_AGGRESSIVE;
				CLANG_CXX_LANGUAGE_STANDARD = "gnu++20";
				CLANG_ENABLE_MODULES = YES;
				CLANG_ENABLE_OBJC_ARC = YES;
				CLANG_ENABLE_OBJC_WEAK = YES;
				CLANG_WARN_BLOCK_CAPTURE_AUTORELEASING = YES;
				CLANG_WARN_BOOL_CONVERSION = YES;
				CLANG_WARN_COMMA = YES;
				CLANG_WARN_CONSTANT_CONVERSION = YES;
				CLANG_WARN_DEPRECATED_OBJC_IMPLEMENTATIONS = YES;
				CLANG_WARN_DIRECT_OBJC_ISA_USAGE = YES_ERROR;
				CLANG_WARN_DOCUMENTATION_COMMENTS = YES;
				CLANG_WARN_EMPTY_BODY = YES;
				CLANG_WARN_ENUM_CONVERSION = YES;
				CLANG_WARN_INFINITE_RECURSION = YES;
				CLANG_WARN_INT_CONVERSION = YES;
				CLANG_WARN_NON_LITERAL_NULL_CONVERSION = YES;
				CLANG_WARN_OBJC_IMPLICIT_RETAIN_SELF = YES;
				CLANG_WARN_OBJC_LITERAL_CONVERSION = YES;
				CLANG_WARN_OBJC_ROOT_CLASS = YES_ERROR;
				CLANG_WARN_QUOTED_INCLUDE_IN_FRAMEWORK_HEADER = YES;
				CLANG_WARN_RANGE_LOOP_ANALYSIS = YES;
				CLANG_WARN_STRICT_PROTOTYPES = YES;
				CLANG_WARN_SUSPICIOUS_MOVE = YES;
				CLANG_WARN_UNGUARDED_AVAILABILITY = YES_AGGRESSIVE;
				CLANG_WARN_UNREACHABLE_CODE = YES;
				CLANG_WARN__DUPLICATE_METHOD_MATCH = YES;
				COPY_PHASE_STRIP = NO;
				DEBUG_INFORMATION_FORMAT = "dwarf-with-dsym";
				ENABLE_NS_ASSERTIONS = NO;
				ENABLE_STRICT_OBJC_MSGSEND = YES;
				GCC_C_LANGUAGE_STANDARD = gnu11;
				GCC_NO_COMMON_BLOCKS = YES;
				GCC_WARN_64_TO_32_BIT_CONVERSION = YES;
				GCC_WARN_ABOUT_RETURN_TYPE = YES_ERROR;
				GCC_WARN_UNDECLARED_SELECTOR = YES;
				GCC_WARN_UNINITIALIZED_AUTOS = YES_AGGRESSIVE;
				GCC_WARN_UNUSED_FUNCTION = YES;
				GCC_WARN_UNUSED_VARIABLE = YES;
				IPHONEOS_DEPLOYMENT_TARGET = 15.5;
				MTL_ENABLE_DEBUG_INFO = NO;
				MTL_FAST_MATH = YES;
				SDKROOT = iphoneos;
				SWIFT_COMPILATION_MODE = wholemodule;
				SWIFT_OPTIMIZATION_LEVEL = "-O";
				VALIDATE_PRODUCT = YES;
			};
			name = Release;
		};
		762428FC29DAAD5800C11B54 /* Debug */ = {
			isa = XCBuildConfiguration;
			buildSettings = {
				ASSETCATALOG_COMPILER_APPICON_NAME = AppIcon;
				ASSETCATALOG_COMPILER_GLOBAL_ACCENT_COLOR_NAME = AccentColor;
				CODE_SIGN_STYLE = Automatic;
				CURRENT_PROJECT_VERSION = 1;
				DEVELOPMENT_TEAM = 8CV32V4H64;
				GENERATE_INFOPLIST_FILE = YES;
				INFOPLIST_FILE = WB_Weather/Info.plist;
				INFOPLIST_KEY_NSLocationWhenInUseUsageDescription = "Please allow access to your location for automatic weather output in the region where you are.";
				INFOPLIST_KEY_UIApplicationSupportsIndirectInputEvents = YES;
				INFOPLIST_KEY_UILaunchStoryboardName = LaunchScreen;
				INFOPLIST_KEY_UISupportedInterfaceOrientations = "UIInterfaceOrientationPortrait UIInterfaceOrientationPortraitUpsideDown";
				LD_RUNPATH_SEARCH_PATHS = (
					"$(inherited)",
					"@executable_path/Frameworks",
				);
				MARKETING_VERSION = 1.0;
				PRODUCT_BUNDLE_IDENTIFIER = "-.WB-Weather";
				PRODUCT_NAME = "$(TARGET_NAME)";
				SWIFT_EMIT_LOC_STRINGS = YES;
				SWIFT_VERSION = 5.0;
				TARGETED_DEVICE_FAMILY = "1,2";
			};
			name = Debug;
		};
		762428FD29DAAD5800C11B54 /* Release */ = {
			isa = XCBuildConfiguration;
			buildSettings = {
				ASSETCATALOG_COMPILER_APPICON_NAME = AppIcon;
				ASSETCATALOG_COMPILER_GLOBAL_ACCENT_COLOR_NAME = AccentColor;
				CODE_SIGN_STYLE = Automatic;
				CURRENT_PROJECT_VERSION = 1;
				DEVELOPMENT_TEAM = 8CV32V4H64;
				GENERATE_INFOPLIST_FILE = YES;
				INFOPLIST_FILE = WB_Weather/Info.plist;
				INFOPLIST_KEY_NSLocationWhenInUseUsageDescription = "Please allow access to your location for automatic weather output in the region where you are.";
				INFOPLIST_KEY_UIApplicationSupportsIndirectInputEvents = YES;
				INFOPLIST_KEY_UILaunchStoryboardName = LaunchScreen;
				INFOPLIST_KEY_UISupportedInterfaceOrientations = "UIInterfaceOrientationPortrait UIInterfaceOrientationPortraitUpsideDown";
				LD_RUNPATH_SEARCH_PATHS = (
					"$(inherited)",
					"@executable_path/Frameworks",
				);
				MARKETING_VERSION = 1.0;
				PRODUCT_BUNDLE_IDENTIFIER = "-.WB-Weather";
				PRODUCT_NAME = "$(TARGET_NAME)";
				SWIFT_EMIT_LOC_STRINGS = YES;
				SWIFT_VERSION = 5.0;
				TARGETED_DEVICE_FAMILY = "1,2";
			};
			name = Release;
		};
/* End XCBuildConfiguration section */

/* Begin XCConfigurationList section */
		762428DF29DAAD5500C11B54 /* Build configuration list for PBXProject "WB_Weather" */ = {
			isa = XCConfigurationList;
			buildConfigurations = (
				762428F929DAAD5800C11B54 /* Debug */,
				762428FA29DAAD5800C11B54 /* Release */,
			);
			defaultConfigurationIsVisible = 0;
			defaultConfigurationName = Release;
		};
		762428FB29DAAD5800C11B54 /* Build configuration list for PBXNativeTarget "WB_Weather" */ = {
			isa = XCConfigurationList;
			buildConfigurations = (
				762428FC29DAAD5800C11B54 /* Debug */,
				762428FD29DAAD5800C11B54 /* Release */,
			);
			defaultConfigurationIsVisible = 0;
			defaultConfigurationName = Release;
		};
/* End XCConfigurationList section */

/* Begin XCVersionGroup section */
		762428F029DAAD5600C11B54 /* WB_Weather.xcdatamodeld */ = {
			isa = XCVersionGroup;
			children = (
				762428F129DAAD5600C11B54 /* WB_Weather.xcdatamodel */,
			);
			currentVersion = 762428F129DAAD5600C11B54 /* WB_Weather.xcdatamodel */;
			path = WB_Weather.xcdatamodeld;
			sourceTree = "<group>";
			versionGroupType = wrapper.xcdatamodel;
		};
/* End XCVersionGroup section */
	};
	rootObject = 762428DC29DAAD5500C11B54 /* Project object */;
}
